// !$*UTF8*$!
{
	archiveVersion = 1;
	classes = {
	};
	objectVersion = 46;
	objects = {

/* Begin PBXBuildFile section */
		ACAD5C5C61FC160AA50C28F7 /* Pods.framework in Frameworks */ = {isa = PBXBuildFile; fileRef = AB1C24AAE15293BE9F3F1E9D /* Pods.framework */; };
		B083133E1C69BE7A00D0CB78 /* AppDelegate.swift in Sources */ = {isa = PBXBuildFile; fileRef = B083133D1C69BE7A00D0CB78 /* AppDelegate.swift */; };
		B08313431C69BE7A00D0CB78 /* Main.storyboard in Resources */ = {isa = PBXBuildFile; fileRef = B08313411C69BE7A00D0CB78 /* Main.storyboard */; };
		B08313451C69BE7A00D0CB78 /* Assets.xcassets in Resources */ = {isa = PBXBuildFile; fileRef = B08313441C69BE7A00D0CB78 /* Assets.xcassets */; };
		B08313481C69BE7A00D0CB78 /* LaunchScreen.storyboard in Resources */ = {isa = PBXBuildFile; fileRef = B08313461C69BE7A00D0CB78 /* LaunchScreen.storyboard */; };
		B08313531C69BE7A00D0CB78 /* Cashy_PosTests.swift in Sources */ = {isa = PBXBuildFile; fileRef = B08313521C69BE7A00D0CB78 /* Cashy_PosTests.swift */; };
		B08313671C69C0A600D0CB78 /* Montserrat-Black.otf in Resources */ = {isa = PBXBuildFile; fileRef = B083135F1C69C0A600D0CB78 /* Montserrat-Black.otf */; };
		B08313681C69C0A600D0CB78 /* Montserrat-Bold.otf in Resources */ = {isa = PBXBuildFile; fileRef = B08313601C69C0A600D0CB78 /* Montserrat-Bold.otf */; };
		B08313691C69C0A600D0CB78 /* Montserrat-ExtraBold.otf in Resources */ = {isa = PBXBuildFile; fileRef = B08313611C69C0A600D0CB78 /* Montserrat-ExtraBold.otf */; };
		B083136A1C69C0A600D0CB78 /* Montserrat-Hairline.otf in Resources */ = {isa = PBXBuildFile; fileRef = B08313621C69C0A600D0CB78 /* Montserrat-Hairline.otf */; };
		B083136B1C69C0A600D0CB78 /* Montserrat-Light.otf in Resources */ = {isa = PBXBuildFile; fileRef = B08313631C69C0A600D0CB78 /* Montserrat-Light.otf */; };
		B083136C1C69C0A600D0CB78 /* Montserrat-Regular.otf in Resources */ = {isa = PBXBuildFile; fileRef = B08313641C69C0A600D0CB78 /* Montserrat-Regular.otf */; };
		B083136D1C69C0A600D0CB78 /* Montserrat-SemiBold.otf in Resources */ = {isa = PBXBuildFile; fileRef = B08313651C69C0A600D0CB78 /* Montserrat-SemiBold.otf */; };
		B083136E1C69C0A600D0CB78 /* Montserrat-UltraLight.otf in Resources */ = {isa = PBXBuildFile; fileRef = B08313661C69C0A600D0CB78 /* Montserrat-UltraLight.otf */; };
		B08313731C69C11D00D0CB78 /* Product.swift in Sources */ = {isa = PBXBuildFile; fileRef = B08313711C69C11D00D0CB78 /* Product.swift */; };
		B08313741C69C11D00D0CB78 /* ProductDataSource.swift in Sources */ = {isa = PBXBuildFile; fileRef = B08313721C69C11D00D0CB78 /* ProductDataSource.swift */; };
		B08313761C69C13900D0CB78 /* Keys.swift in Sources */ = {isa = PBXBuildFile; fileRef = B08313751C69C13900D0CB78 /* Keys.swift */; };
		B083137B1C69C16F00D0CB78 /* ProductCell.swift in Sources */ = {isa = PBXBuildFile; fileRef = B08313781C69C16F00D0CB78 /* ProductCell.swift */; };
		B083137C1C69C16F00D0CB78 /* SalesViewController.swift in Sources */ = {isa = PBXBuildFile; fileRef = B08313791C69C16F00D0CB78 /* SalesViewController.swift */; };
		B083137D1C69C16F00D0CB78 /* AddProductViewController.swift in Sources */ = {isa = PBXBuildFile; fileRef = B083137A1C69C16F00D0CB78 /* AddProductViewController.swift */; };
		B0B43B151C6D0E1F001C4088 /* Podfile in Resources */ = {isa = PBXBuildFile; fileRef = B0B43B141C6D0E1F001C4088 /* Podfile */; };
/* End PBXBuildFile section */

/* Begin PBXContainerItemProxy section */
		B083134F1C69BE7A00D0CB78 /* PBXContainerItemProxy */ = {
			isa = PBXContainerItemProxy;
			containerPortal = B08313321C69BE7A00D0CB78 /* Project object */;
			proxyType = 1;
			remoteGlobalIDString = B08313391C69BE7A00D0CB78;
			remoteInfo = Cashy_Pos;
		};
/* End PBXContainerItemProxy section */

/* Begin PBXFileReference section */
		67E9818F6CEA5ABC467C55C9 /* Pods.debug.xcconfig */ = {isa = PBXFileReference; includeInIndex = 1; lastKnownFileType = text.xcconfig; name = Pods.debug.xcconfig; path = "Pods/Target Support Files/Pods/Pods.debug.xcconfig"; sourceTree = "<group>"; };
		AB1C24AAE15293BE9F3F1E9D /* Pods.framework */ = {isa = PBXFileReference; explicitFileType = wrapper.framework; includeInIndex = 0; path = Pods.framework; sourceTree = BUILT_PRODUCTS_DIR; };
		B083133A1C69BE7A00D0CB78 /* Cashy_Pos.app */ = {isa = PBXFileReference; explicitFileType = wrapper.application; includeInIndex = 0; path = Cashy_Pos.app; sourceTree = BUILT_PRODUCTS_DIR; };
		B083133D1C69BE7A00D0CB78 /* AppDelegate.swift */ = {isa = PBXFileReference; lastKnownFileType = sourcecode.swift; path = AppDelegate.swift; sourceTree = "<group>"; };
		B08313421C69BE7A00D0CB78 /* Base */ = {isa = PBXFileReference; lastKnownFileType = file.storyboard; name = Base; path = Base.lproj/Main.storyboard; sourceTree = "<group>"; };
		B08313441C69BE7A00D0CB78 /* Assets.xcassets */ = {isa = PBXFileReference; lastKnownFileType = folder.assetcatalog; path = Assets.xcassets; sourceTree = "<group>"; };
		B08313471C69BE7A00D0CB78 /* Base */ = {isa = PBXFileReference; lastKnownFileType = file.storyboard; name = Base; path = Base.lproj/LaunchScreen.storyboard; sourceTree = "<group>"; };
		B08313491C69BE7A00D0CB78 /* Info.plist */ = {isa = PBXFileReference; lastKnownFileType = text.plist.xml; path = Info.plist; sourceTree = "<group>"; };
		B083134E1C69BE7A00D0CB78 /* Cashy_PosTests.xctest */ = {isa = PBXFileReference; explicitFileType = wrapper.cfbundle; includeInIndex = 0; path = Cashy_PosTests.xctest; sourceTree = BUILT_PRODUCTS_DIR; };
		B08313521C69BE7A00D0CB78 /* Cashy_PosTests.swift */ = {isa = PBXFileReference; lastKnownFileType = sourcecode.swift; path = Cashy_PosTests.swift; sourceTree = "<group>"; };
		B08313541C69BE7A00D0CB78 /* Info.plist */ = {isa = PBXFileReference; lastKnownFileType = text.plist.xml; path = Info.plist; sourceTree = "<group>"; };
		B083135F1C69C0A600D0CB78 /* Montserrat-Black.otf */ = {isa = PBXFileReference; lastKnownFileType = file; path = "Montserrat-Black.otf"; sourceTree = "<group>"; };
		B08313601C69C0A600D0CB78 /* Montserrat-Bold.otf */ = {isa = PBXFileReference; lastKnownFileType = file; path = "Montserrat-Bold.otf"; sourceTree = "<group>"; };
		B08313611C69C0A600D0CB78 /* Montserrat-ExtraBold.otf */ = {isa = PBXFileReference; lastKnownFileType = file; path = "Montserrat-ExtraBold.otf"; sourceTree = "<group>"; };
		B08313621C69C0A600D0CB78 /* Montserrat-Hairline.otf */ = {isa = PBXFileReference; lastKnownFileType = file; path = "Montserrat-Hairline.otf"; sourceTree = "<group>"; };
		B08313631C69C0A600D0CB78 /* Montserrat-Light.otf */ = {isa = PBXFileReference; lastKnownFileType = file; path = "Montserrat-Light.otf"; sourceTree = "<group>"; };
		B08313641C69C0A600D0CB78 /* Montserrat-Regular.otf */ = {isa = PBXFileReference; lastKnownFileType = file; path = "Montserrat-Regular.otf"; sourceTree = "<group>"; };
		B08313651C69C0A600D0CB78 /* Montserrat-SemiBold.otf */ = {isa = PBXFileReference; lastKnownFileType = file; path = "Montserrat-SemiBold.otf"; sourceTree = "<group>"; };
		B08313661C69C0A600D0CB78 /* Montserrat-UltraLight.otf */ = {isa = PBXFileReference; lastKnownFileType = file; path = "Montserrat-UltraLight.otf"; sourceTree = "<group>"; };
		B08313711C69C11D00D0CB78 /* Product.swift */ = {isa = PBXFileReference; fileEncoding = 4; lastKnownFileType = sourcecode.swift; path = Product.swift; sourceTree = "<group>"; };
		B08313721C69C11D00D0CB78 /* ProductDataSource.swift */ = {isa = PBXFileReference; fileEncoding = 4; lastKnownFileType = sourcecode.swift; path = ProductDataSource.swift; sourceTree = "<group>"; };
		B08313751C69C13900D0CB78 /* Keys.swift */ = {isa = PBXFileReference; fileEncoding = 4; lastKnownFileType = sourcecode.swift; path = Keys.swift; sourceTree = "<group>"; };
		B08313781C69C16F00D0CB78 /* ProductCell.swift */ = {isa = PBXFileReference; fileEncoding = 4; lastKnownFileType = sourcecode.swift; path = ProductCell.swift; sourceTree = "<group>"; };
		B08313791C69C16F00D0CB78 /* SalesViewController.swift */ = {isa = PBXFileReference; fileEncoding = 4; lastKnownFileType = sourcecode.swift; path = SalesViewController.swift; sourceTree = "<group>"; };
		B083137A1C69C16F00D0CB78 /* AddProductViewController.swift */ = {isa = PBXFileReference; fileEncoding = 4; lastKnownFileType = sourcecode.swift; path = AddProductViewController.swift; sourceTree = "<group>"; };
		B0B43B141C6D0E1F001C4088 /* Podfile */ = {isa = PBXFileReference; fileEncoding = 4; lastKnownFileType = text; path = Podfile; sourceTree = "<group>"; };
		D4BF4FA9E549EC0D9F46B580 /* Pods.release.xcconfig */ = {isa = PBXFileReference; includeInIndex = 1; lastKnownFileType = text.xcconfig; name = Pods.release.xcconfig; path = "Pods/Target Support Files/Pods/Pods.release.xcconfig"; sourceTree = "<group>"; };
/* End PBXFileReference section */

/* Begin PBXFrameworksBuildPhase section */
		B08313371C69BE7A00D0CB78 /* Frameworks */ = {
			isa = PBXFrameworksBuildPhase;
			buildActionMask = 2147483647;
			files = (
				ACAD5C5C61FC160AA50C28F7 /* Pods.framework in Frameworks */,
			);
			runOnlyForDeploymentPostprocessing = 0;
		};
		B083134B1C69BE7A00D0CB78 /* Frameworks */ = {
			isa = PBXFrameworksBuildPhase;
			buildActionMask = 2147483647;
			files = (
			);
			runOnlyForDeploymentPostprocessing = 0;
		};
/* End PBXFrameworksBuildPhase section */

/* Begin PBXGroup section */
		AC906235A6D7A8C26E181AAB /* Pods */ = {
			isa = PBXGroup;
			children = (
				67E9818F6CEA5ABC467C55C9 /* Pods.debug.xcconfig */,
				D4BF4FA9E549EC0D9F46B580 /* Pods.release.xcconfig */,
			);
			name = Pods;
			sourceTree = "<group>";
		};
		B08313311C69BE7A00D0CB78 = {
			isa = PBXGroup;
			children = (
				B0B43B141C6D0E1F001C4088 /* Podfile */,
				B083133C1C69BE7A00D0CB78 /* Cashy_Pos */,
				B08313511C69BE7A00D0CB78 /* Cashy_PosTests */,
				B083133B1C69BE7A00D0CB78 /* Products */,
				AC906235A6D7A8C26E181AAB /* Pods */,
				FF6D294718BAB17C76999F4F /* Frameworks */,
			);
			sourceTree = "<group>";
		};
		B083133B1C69BE7A00D0CB78 /* Products */ = {
			isa = PBXGroup;
			children = (
				B083133A1C69BE7A00D0CB78 /* Cashy_Pos.app */,
				B083134E1C69BE7A00D0CB78 /* Cashy_PosTests.xctest */,
			);
			name = Products;
			sourceTree = "<group>";
		};
		B083133C1C69BE7A00D0CB78 /* Cashy_Pos */ = {
			isa = PBXGroup;
			children = (
				B08313701C69C0EF00D0CB78 /* Models */,
				B08313771C69C15500D0CB78 /* Controllers */,
				B083FCB31C6BF53C00DB80E0 /* Others */,
				B083FCB21C6BF52C00DB80E0 /* Layouts */,
				B08313441C69BE7A00D0CB78 /* Assets.xcassets */,
				B08313491C69BE7A00D0CB78 /* Info.plist */,
				B083135E1C69C08B00D0CB78 /* Supporting Files */,
			);
			path = Cashy_Pos;
			sourceTree = "<group>";
		};
		B08313511C69BE7A00D0CB78 /* Cashy_PosTests */ = {
			isa = PBXGroup;
			children = (
				B08313521C69BE7A00D0CB78 /* Cashy_PosTests.swift */,
				B08313541C69BE7A00D0CB78 /* Info.plist */,
			);
			path = Cashy_PosTests;
			sourceTree = "<group>";
		};
		B083135D1C69C07E00D0CB78 /* Keys */ = {
			isa = PBXGroup;
			children = (
				B08313751C69C13900D0CB78 /* Keys.swift */,
			);
			name = Keys;
			sourceTree = "<group>";
		};
		B083135E1C69C08B00D0CB78 /* Supporting Files */ = {
			isa = PBXGroup;
			children = (
				B083135F1C69C0A600D0CB78 /* Montserrat-Black.otf */,
				B08313601C69C0A600D0CB78 /* Montserrat-Bold.otf */,
				B08313611C69C0A600D0CB78 /* Montserrat-ExtraBold.otf */,
				B08313621C69C0A600D0CB78 /* Montserrat-Hairline.otf */,
				B08313631C69C0A600D0CB78 /* Montserrat-Light.otf */,
				B08313641C69C0A600D0CB78 /* Montserrat-Regular.otf */,
				B08313651C69C0A600D0CB78 /* Montserrat-SemiBold.otf */,
				B08313661C69C0A600D0CB78 /* Montserrat-UltraLight.otf */,
			);
			name = "Supporting Files";
			sourceTree = "<group>";
		};
		B08313701C69C0EF00D0CB78 /* Models */ = {
			isa = PBXGroup;
			children = (
				B083135D1C69C07E00D0CB78 /* Keys */,
				B08313711C69C11D00D0CB78 /* Product.swift */,
				B08313721C69C11D00D0CB78 /* ProductDataSource.swift */,
			);
			name = Models;
			sourceTree = "<group>";
		};
		B08313771C69C15500D0CB78 /* Controllers */ = {
			isa = PBXGroup;
			children = (
				B08313781C69C16F00D0CB78 /* ProductCell.swift */,
				B08313791C69C16F00D0CB78 /* SalesViewController.swift */,
				B083137A1C69C16F00D0CB78 /* AddProductViewController.swift */,
			);
			name = Controllers;
			sourceTree = "<group>";
		};
		B083FCB21C6BF52C00DB80E0 /* Layouts */ = {
			isa = PBXGroup;
			children = (
				B08313411C69BE7A00D0CB78 /* Main.storyboard */,
				B08313461C69BE7A00D0CB78 /* LaunchScreen.storyboard */,
			);
			name = Layouts;
			sourceTree = "<group>";
		};
		B083FCB31C6BF53C00DB80E0 /* Others */ = {
			isa = PBXGroup;
			children = (
				B083133D1C69BE7A00D0CB78 /* AppDelegate.swift */,
			);
			name = Others;
			sourceTree = "<group>";
		};
		FF6D294718BAB17C76999F4F /* Frameworks */ = {
			isa = PBXGroup;
			children = (
				AB1C24AAE15293BE9F3F1E9D /* Pods.framework */,
			);
			name = Frameworks;
			sourceTree = "<group>";
		};
/* End PBXGroup section */

/* Begin PBXNativeTarget section */
		B08313391C69BE7A00D0CB78 /* Cashy_Pos */ = {
			isa = PBXNativeTarget;
			buildConfigurationList = B08313571C69BE7A00D0CB78 /* Build configuration list for PBXNativeTarget "Cashy_Pos" */;
			buildPhases = (
				67F17CD09BA56466086F447F /* Check Pods Manifest.lock */,
				B08313361C69BE7A00D0CB78 /* Sources */,
				B08313371C69BE7A00D0CB78 /* Frameworks */,
				B08313381C69BE7A00D0CB78 /* Resources */,
				675349D268D81520C43665C1 /* Embed Pods Frameworks */,
				0D10C8EBD7CA6EE13061141D /* Copy Pods Resources */,
			);
			buildRules = (
			);
			dependencies = (
			);
			name = Cashy_Pos;
			productName = Cashy_Pos;
			productReference = B083133A1C69BE7A00D0CB78 /* Cashy_Pos.app */;
			productType = "com.apple.product-type.application";
		};
		B083134D1C69BE7A00D0CB78 /* Cashy_PosTests */ = {
			isa = PBXNativeTarget;
			buildConfigurationList = B083135A1C69BE7A00D0CB78 /* Build configuration list for PBXNativeTarget "Cashy_PosTests" */;
			buildPhases = (
				B083134A1C69BE7A00D0CB78 /* Sources */,
				B083134B1C69BE7A00D0CB78 /* Frameworks */,
				B083134C1C69BE7A00D0CB78 /* Resources */,
			);
			buildRules = (
			);
			dependencies = (
				B08313501C69BE7A00D0CB78 /* PBXTargetDependency */,
			);
			name = Cashy_PosTests;
			productName = Cashy_PosTests;
			productReference = B083134E1C69BE7A00D0CB78 /* Cashy_PosTests.xctest */;
			productType = "com.apple.product-type.bundle.unit-test";
		};
/* End PBXNativeTarget section */

/* Begin PBXProject section */
		B08313321C69BE7A00D0CB78 /* Project object */ = {
			isa = PBXProject;
			attributes = {
				LastSwiftUpdateCheck = 0720;
				LastUpgradeCheck = 0720;
				ORGANIZATIONNAME = "Jhoan Arango";
				TargetAttributes = {
					B08313391C69BE7A00D0CB78 = {
						CreatedOnToolsVersion = 7.2.1;
					};
					B083134D1C69BE7A00D0CB78 = {
						CreatedOnToolsVersion = 7.2.1;
						TestTargetID = B08313391C69BE7A00D0CB78;
					};
				};
			};
			buildConfigurationList = B08313351C69BE7A00D0CB78 /* Build configuration list for PBXProject "Cashy_Pos" */;
			compatibilityVersion = "Xcode 3.2";
			developmentRegion = English;
			hasScannedForEncodings = 0;
			knownRegions = (
				en,
				Base,
			);
			mainGroup = B08313311C69BE7A00D0CB78;
			productRefGroup = B083133B1C69BE7A00D0CB78 /* Products */;
			projectDirPath = "";
			projectRoot = "";
			targets = (
				B08313391C69BE7A00D0CB78 /* Cashy_Pos */,
				B083134D1C69BE7A00D0CB78 /* Cashy_PosTests */,
			);
		};
/* End PBXProject section */

/* Begin PBXResourcesBuildPhase section */
		B08313381C69BE7A00D0CB78 /* Resources */ = {
			isa = PBXResourcesBuildPhase;
			buildActionMask = 2147483647;
			files = (
				B08313691C69C0A600D0CB78 /* Montserrat-ExtraBold.otf in Resources */,
				B083136E1C69C0A600D0CB78 /* Montserrat-UltraLight.otf in Resources */,
				B08313681C69C0A600D0CB78 /* Montserrat-Bold.otf in Resources */,
				B083136A1C69C0A600D0CB78 /* Montserrat-Hairline.otf in Resources */,
				B08313671C69C0A600D0CB78 /* Montserrat-Black.otf in Resources */,
				B08313481C69BE7A00D0CB78 /* LaunchScreen.storyboard in Resources */,
				B0B43B151C6D0E1F001C4088 /* Podfile in Resources */,
				B08313451C69BE7A00D0CB78 /* Assets.xcassets in Resources */,
				B08313431C69BE7A00D0CB78 /* Main.storyboard in Resources */,
				B083136B1C69C0A600D0CB78 /* Montserrat-Light.otf in Resources */,
				B083136C1C69C0A600D0CB78 /* Montserrat-Regular.otf in Resources */,
				B083136D1C69C0A600D0CB78 /* Montserrat-SemiBold.otf in Resources */,
			);
			runOnlyForDeploymentPostprocessing = 0;
		};
		B083134C1C69BE7A00D0CB78 /* Resources */ = {
			isa = PBXResourcesBuildPhase;
			buildActionMask = 2147483647;
			files = (
			);
			runOnlyForDeploymentPostprocessing = 0;
		};
/* End PBXResourcesBuildPhase section */

/* Begin PBXShellScriptBuildPhase section */
		0D10C8EBD7CA6EE13061141D /* Copy Pods Resources */ = {
			isa = PBXShellScriptBuildPhase;
			buildActionMask = 2147483647;
			files = (
			);
			inputPaths = (
			);
			name = "Copy Pods Resources";
			outputPaths = (
			);
			runOnlyForDeploymentPostprocessing = 0;
			shellPath = /bin/sh;
			shellScript = "\"${SRCROOT}/Pods/Target Support Files/Pods/Pods-resources.sh\"\n";
			showEnvVarsInLog = 0;
		};
		675349D268D81520C43665C1 /* Embed Pods Frameworks */ = {
			isa = PBXShellScriptBuildPhase;
			buildActionMask = 2147483647;
			files = (
			);
			inputPaths = (
			);
			name = "Embed Pods Frameworks";
			outputPaths = (
			);
			runOnlyForDeploymentPostprocessing = 0;
			shellPath = /bin/sh;
			shellScript = "\"${SRCROOT}/Pods/Target Support Files/Pods/Pods-frameworks.sh\"\n";
			showEnvVarsInLog = 0;
		};
		67F17CD09BA56466086F447F /* Check Pods Manifest.lock */ = {
			isa = PBXShellScriptBuildPhase;
			buildActionMask = 2147483647;
			files = (
			);
			inputPaths = (
			);
			name = "Check Pods Manifest.lock";
			outputPaths = (
			);
			runOnlyForDeploymentPostprocessing = 0;
			shellPath = /bin/sh;
			shellScript = "diff \"${PODS_ROOT}/../Podfile.lock\" \"${PODS_ROOT}/Manifest.lock\" > /dev/null\nif [[ $? != 0 ]] ; then\n    cat << EOM\nerror: The sandbox is not in sync with the Podfile.lock. Run 'pod install' or update your CocoaPods installation.\nEOM\n    exit 1\nfi\n";
			showEnvVarsInLog = 0;
		};
/* End PBXShellScriptBuildPhase section */

/* Begin PBXSourcesBuildPhase section */
		B08313361C69BE7A00D0CB78 /* Sources */ = {
			isa = PBXSourcesBuildPhase;
			buildActionMask = 2147483647;
			files = (
				B083133E1C69BE7A00D0CB78 /* AppDelegate.swift in Sources */,
				B083137D1C69C16F00D0CB78 /* AddProductViewController.swift in Sources */,
				B083137C1C69C16F00D0CB78 /* SalesViewController.swift in Sources */,
				B08313741C69C11D00D0CB78 /* ProductDataSource.swift in Sources */,
				B083137B1C69C16F00D0CB78 /* ProductCell.swift in Sources */,
				B08313731C69C11D00D0CB78 /* Product.swift in Sources */,
				B08313761C69C13900D0CB78 /* Keys.swift in Sources */,
			);
			runOnlyForDeploymentPostprocessing = 0;
		};
		B083134A1C69BE7A00D0CB78 /* Sources */ = {
			isa = PBXSourcesBuildPhase;
			buildActionMask = 2147483647;
			files = (
				B08313531C69BE7A00D0CB78 /* Cashy_PosTests.swift in Sources */,
			);
			runOnlyForDeploymentPostprocessing = 0;
		};
/* End PBXSourcesBuildPhase section */

/* Begin PBXTargetDependency section */
		B08313501C69BE7A00D0CB78 /* PBXTargetDependency */ = {
			isa = PBXTargetDependency;
			target = B08313391C69BE7A00D0CB78 /* Cashy_Pos */;
			targetProxy = B083134F1C69BE7A00D0CB78 /* PBXContainerItemProxy */;
		};
/* End PBXTargetDependency section */

/* Begin PBXVariantGroup section */
		B08313411C69BE7A00D0CB78 /* Main.storyboard */ = {
			isa = PBXVariantGroup;
			children = (
				B08313421C69BE7A00D0CB78 /* Base */,
			);
			name = Main.storyboard;
			sourceTree = "<group>";
		};
		B08313461C69BE7A00D0CB78 /* LaunchScreen.storyboard */ = {
			isa = PBXVariantGroup;
			children = (
				B08313471C69BE7A00D0CB78 /* Base */,
			);
			name = LaunchScreen.storyboard;
			sourceTree = "<group>";
		};
/* End PBXVariantGroup section */

/* Begin XCBuildConfiguration section */
		B08313551C69BE7A00D0CB78 /* Debug */ = {
			isa = XCBuildConfiguration;
			buildSettings = {
				ALWAYS_SEARCH_USER_PATHS = NO;
				CLANG_CXX_LANGUAGE_STANDARD = "gnu++0x";
				CLANG_CXX_LIBRARY = "libc++";
				CLANG_ENABLE_MODULES = YES;
				CLANG_ENABLE_OBJC_ARC = YES;
				CLANG_WARN_BOOL_CONVERSION = YES;
				CLANG_WARN_CONSTANT_CONVERSION = YES;
				CLANG_WARN_DIRECT_OBJC_ISA_USAGE = YES_ERROR;
				CLANG_WARN_EMPTY_BODY = YES;
				CLANG_WARN_ENUM_CONVERSION = YES;
				CLANG_WARN_INT_CONVERSION = YES;
				CLANG_WARN_OBJC_ROOT_CLASS = YES_ERROR;
				CLANG_WARN_UNREACHABLE_CODE = YES;
				CLANG_WARN__DUPLICATE_METHOD_MATCH = YES;
				"CODE_SIGN_IDENTITY[sdk=iphoneos*]" = "iPhone Developer";
				COPY_PHASE_STRIP = NO;
				DEBUG_INFORMATION_FORMAT = dwarf;
				ENABLE_STRICT_OBJC_MSGSEND = YES;
				ENABLE_TESTABILITY = YES;
				GCC_C_LANGUAGE_STANDARD = gnu99;
				GCC_DYNAMIC_NO_PIC = NO;
				GCC_NO_COMMON_BLOCKS = YES;
				GCC_OPTIMIZATION_LEVEL = 0;
				GCC_PREPROCESSOR_DEFINITIONS = (
					"DEBUG=1",
					"$(inherited)",
				);
				GCC_WARN_64_TO_32_BIT_CONVERSION = YES;
				GCC_WARN_ABOUT_RETURN_TYPE = YES_ERROR;
				GCC_WARN_UNDECLARED_SELECTOR = YES;
				GCC_WARN_UNINITIALIZED_AUTOS = YES_AGGRESSIVE;
				GCC_WARN_UNUSED_FUNCTION = YES;
				GCC_WARN_UNUSED_VARIABLE = YES;
				IPHONEOS_DEPLOYMENT_TARGET = 9.2;
				MTL_ENABLE_DEBUG_INFO = YES;
				ONLY_ACTIVE_ARCH = YES;
				SDKROOT = iphoneos;
				SWIFT_OPTIMIZATION_LEVEL = "-Onone";
				TARGETED_DEVICE_FAMILY = "1,2";
			};
			name = Debug;
		};
		B08313561C69BE7A00D0CB78 /* Release */ = {
			isa = XCBuildConfiguration;
			buildSettings = {
				ALWAYS_SEARCH_USER_PATHS = NO;
				CLANG_CXX_LANGUAGE_STANDARD = "gnu++0x";
				CLANG_CXX_LIBRARY = "libc++";
				CLANG_ENABLE_MODULES = YES;
				CLANG_ENABLE_OBJC_ARC = YES;
				CLANG_WARN_BOOL_CONVERSION = YES;
				CLANG_WARN_CONSTANT_CONVERSION = YES;
				CLANG_WARN_DIRECT_OBJC_ISA_USAGE = YES_ERROR;
				CLANG_WARN_EMPTY_BODY = YES;
				CLANG_WARN_ENUM_CONVERSION = YES;
				CLANG_WARN_INT_CONVERSION = YES;
				CLANG_WARN_OBJC_ROOT_CLASS = YES_ERROR;
				CLANG_WARN_UNREACHABLE_CODE = YES;
				CLANG_WARN__DUPLICATE_METHOD_MATCH = YES;
				"CODE_SIGN_IDENTITY[sdk=iphoneos*]" = "iPhone Developer";
				COPY_PHASE_STRIP = NO;
				DEBUG_INFORMATION_FORMAT = "dwarf-with-dsym";
				ENABLE_NS_ASSERTIONS = NO;
				ENABLE_STRICT_OBJC_MSGSEND = YES;
				GCC_C_LANGUAGE_STANDARD = gnu99;
				GCC_NO_COMMON_BLOCKS = YES;
				GCC_WARN_64_TO_32_BIT_CONVERSION = YES;
				GCC_WARN_ABOUT_RETURN_TYPE = YES_ERROR;
				GCC_WARN_UNDECLARED_SELECTOR = YES;
				GCC_WARN_UNINITIALIZED_AUTOS = YES_AGGRESSIVE;
				GCC_WARN_UNUSED_FUNCTION = YES;
				GCC_WARN_UNUSED_VARIABLE = YES;
				IPHONEOS_DEPLOYMENT_TARGET = 9.2;
				MTL_ENABLE_DEBUG_INFO = NO;
				SDKROOT = iphoneos;
				TARGETED_DEVICE_FAMILY = "1,2";
				VALIDATE_PRODUCT = YES;
			};
			name = Release;
		};
		B08313581C69BE7A00D0CB78 /* Debug */ = {
			isa = XCBuildConfiguration;
			baseConfigurationReference = 67E9818F6CEA5ABC467C55C9 /* Pods.debug.xcconfig */;
			buildSettings = {
				ASSETCATALOG_COMPILER_APPICON_NAME = AppIcon;
				INFOPLIST_FILE = Cashy_Pos/Info.plist;
				IPHONEOS_DEPLOYMENT_TARGET = 9.0;
				LD_RUNPATH_SEARCH_PATHS = "$(inherited) @executable_path/Frameworks";
				PRODUCT_BUNDLE_IDENTIFIER = "com.JhoanArango.Cashy-Pos";
				PRODUCT_NAME = "$(TARGET_NAME)";
			};
			name = Debug;
		};
		B08313591C69BE7A00D0CB78 /* Release */ = {
			isa = XCBuildConfiguration;
			baseConfigurationReference = D4BF4FA9E549EC0D9F46B580 /* Pods.release.xcconfig */;
			buildSettings = {
				ASSETCATALOG_COMPILER_APPICON_NAME = AppIcon;
				INFOPLIST_FILE = Cashy_Pos/Info.plist;
				IPHONEOS_DEPLOYMENT_TARGET = 9.0;
				LD_RUNPATH_SEARCH_PATHS = "$(inherited) @executable_path/Frameworks";
				PRODUCT_BUNDLE_IDENTIFIER = "com.JhoanArango.Cashy-Pos";
				PRODUCT_NAME = "$(TARGET_NAME)";
			};
			name = Release;
		};
		B083135B1C69BE7A00D0CB78 /* Debug */ = {
			isa = XCBuildConfiguration;
			buildSettings = {
				BUNDLE_LOADER = "$(TEST_HOST)";
				INFOPLIST_FILE = Cashy_PosTests/Info.plist;
				LD_RUNPATH_SEARCH_PATHS = "$(inherited) @executable_path/Frameworks @loader_path/Frameworks";
				PRODUCT_BUNDLE_IDENTIFIER = "com.JhoanArango.Cashy-PosTests";
				PRODUCT_NAME = "$(TARGET_NAME)";
				TEST_HOST = "$(BUILT_PRODUCTS_DIR)/Cashy_Pos.app/Cashy_Pos";
			};
			name = Debug;
		};
		B083135C1C69BE7A00D0CB78 /* Release */ = {
			isa = XCBuildConfiguration;
			buildSettings = {
				BUNDLE_LOADER = "$(TEST_HOST)";
				INFOPLIST_FILE = Cashy_PosTests/Info.plist;
				LD_RUNPATH_SEARCH_PATHS = "$(inherited) @executable_path/Frameworks @loader_path/Frameworks";
				PRODUCT_BUNDLE_IDENTIFIER = "com.JhoanArango.Cashy-PosTests";
				PRODUCT_NAME = "$(TARGET_NAME)";
				TEST_HOST = "$(BUILT_PRODUCTS_DIR)/Cashy_Pos.app/Cashy_Pos";
			};
			name = Release;
		};
/* End XCBuildConfiguration section */

/* Begin XCConfigurationList section */
		B08313351C69BE7A00D0CB78 /* Build configuration list for PBXProject "Cashy_Pos" */ = {
			isa = XCConfigurationList;
			buildConfigurations = (
				B08313551C69BE7A00D0CB78 /* Debug */,
				B08313561C69BE7A00D0CB78 /* Release */,
			);
			defaultConfigurationIsVisible = 0;
			defaultConfigurationName = Release;
		};
		B08313571C69BE7A00D0CB78 /* Build configuration list for PBXNativeTarget "Cashy_Pos" */ = {
			isa = XCConfigurationList;
			buildConfigurations = (
				B08313581C69BE7A00D0CB78 /* Debug */,
				B08313591C69BE7A00D0CB78 /* Release */,
			);
			defaultConfigurationIsVisible = 0;
			defaultConfigurationName = Release;
		};
		B083135A1C69BE7A00D0CB78 /* Build configuration list for PBXNativeTarget "Cashy_PosTests" */ = {
			isa = XCConfigurationList;
			buildConfigurations = (
				B083135B1C69BE7A00D0CB78 /* Debug */,
				B083135C1C69BE7A00D0CB78 /* Release */,
			);
			defaultConfigurationIsVisible = 0;
			defaultConfigurationName = Release;
		};
/* End XCConfigurationList section */
	};
	rootObject = B08313321C69BE7A00D0CB78 /* Project object */;
}
